<?xml version="1.0" encoding="utf-8"?>
<Project ToolsVersion="4.0" xmlns="http://schemas.microsoft.com/developer/msbuild/2003">
  <ItemGroup>
    <Filter Include="Source Files">
      <UniqueIdentifier>{4FC737F1-C7A5-4376-A066-2A32D752A2FF}</UniqueIdentifier>
      <Extensions>cpp;c;cc;cxx;def;odl;idl;hpj;bat;asm;asmx</Extensions>
    </Filter>
    <Filter Include="Header Files">
      <UniqueIdentifier>{93995380-89BD-4b04-88EB-625FBE52EBFB}</UniqueIdentifier>
      <Extensions>h;hh;hpp;hxx;hm;inl;inc;xsd</Extensions>
    </Filter>
    <Filter Include="Resource Files">
      <UniqueIdentifier>{67DA6AB6-F800-4c08-8B7A-83BB121AAD01}</UniqueIdentifier>
      <Extensions>rc;ico;cur;bmp;dlg;rc2;rct;bin;rgs;gif;jpg;jpeg;jpe;resx;tiff;tif;png;wav</Extensions>
    </Filter>
  </ItemGroup>
  <ItemGroup>
    <ClCompile Include="03.03.2023 дз №1 С++.cpp">
      <Filter>Source Files</Filter>
    </ClCompile>
    <ClCompile Include="03.03.2023 дз №2 С++.cpp">
      <Filter>Source Files</Filter>
    </ClCompile>
    <ClCompile Include="10.03.2023 дз №1 С++.cpp">
      <Filter>Source Files</Filter>
    </ClCompile>
    <ClCompile Include="10.03.2023 дз №2 С++.cpp">
      <Filter>Source Files</Filter>
    </ClCompile>
    <ClCompile Include="12.03.2023 дз №2.cpp">
      <Filter>Source Files</Filter>
    </ClCompile>
    <ClCompile Include="17.03.2023 дз №1 С++.cpp">
      <Filter>Source Files</Filter>
    </ClCompile>
    <ClCompile Include="17.03.2023 дз №2.cpp">
      <Filter>Source Files</Filter>
    </ClCompile>
    <ClCompile Include="19.03.2023 дз №2 С++.cpp">
      <Filter>Source Files</Filter>
    </ClCompile>
    <ClCompile Include="19.03.2023 неделя 5 №1 С++.cpp">
      <Filter>Source Files</Filter>
    </ClCompile>
    <ClCompile Include="24.03.2023 дз №1 С++.cpp">
      <Filter>Source Files</Filter>
    </ClCompile>
    <ClCompile Include="24.03.2023 дз №2 С++.cpp">
      <Filter>Source Files</Filter>
    </ClCompile>
    <ClCompile Include="26.02.2023 дз №2 С++.cpp">
      <Filter>Source Files</Filter>
    </ClCompile>
    <ClCompile Include="Classes.cpp">
      <Filter>Source Files</Filter>
    </ClCompile>
    <ClCompile Include="Homework1.cpp">
      <Filter>Source Files</Filter>
    </ClCompile>
    <ClCompile Include="postcard.cpp">
      <Filter>Source Files</Filter>
    </ClCompile>
    <ClCompile Include="PracticeP21Base.cpp">
      <Filter>Source Files</Filter>
    </ClCompile>
    <ClCompile Include="PracticeP21CPPApp.cpp">
      <Filter>Source Files</Filter>
    </ClCompile>
    <ClCompile Include="Source1.cpp">
      <Filter>Source Files</Filter>
    </ClCompile>
    <ClCompile Include="Генератор случайных дробных значениий.cpp">
      <Filter>Source Files</Filter>
    </ClCompile>
    <ClCompile Include="Домашние задания в академию.cpp">
      <Filter>Source Files</Filter>
    </ClCompile>
    <ClCompile Include="игра крестики-нолики через динамические массивы.cpp">
      <Filter>Source Files</Filter>
    </ClCompile>
    <ClCompile Include="Неделя 10 дз 1 №1.cpp">
      <Filter>Source Files</Filter>
    </ClCompile>
    <ClCompile Include="Неделя 10 дз 1 №2.cpp">
      <Filter>Source Files</Filter>
    </ClCompile>
    <ClCompile Include="Неделя 10 дз 1 №3.cpp">
      <Filter>Source Files</Filter>
    </ClCompile>
    <ClCompile Include="Неделя 11 дз 1 №1.cpp">
      <Filter>Source Files</Filter>
    </ClCompile>
    <ClCompile Include="Неделя 11 дз 1 №2.cpp">
      <Filter>Source Files</Filter>
    </ClCompile>
    <ClCompile Include="Неделя 11 дз 1 №3.cpp">
      <Filter>Source Files</Filter>
    </ClCompile>
    <ClCompile Include="Неделя 11 дз 1 №4.cpp">
      <Filter>Source Files</Filter>
    </ClCompile>
    <ClCompile Include="Неделя 11 дз 1 №5.cpp">
      <Filter>Source Files</Filter>
    </ClCompile>
    <ClCompile Include="Неделя 11 дз 2 №1.cpp">
      <Filter>Source Files</Filter>
    </ClCompile>
    <ClCompile Include="Неделя 11 дз 2 №2.cpp">
      <Filter>Source Files</Filter>
    </ClCompile>
    <ClCompile Include="Неделя 11 дз 2 №3.cpp">
      <Filter>Source Files</Filter>
    </ClCompile>
    <ClCompile Include="Неделя 12 дз 1 №1.cpp">
      <Filter>Source Files</Filter>
    </ClCompile>
    <ClCompile Include="Неделя 12 дз 1 №2.cpp">
      <Filter>Source Files</Filter>
    </ClCompile>
    <ClCompile Include="Неделя 12 дз 1 №3.cpp">
      <Filter>Source Files</Filter>
    </ClCompile>
    <ClCompile Include="Неделя 12 дз 2 №1.cpp">
      <Filter>Source Files</Filter>
    </ClCompile>
    <ClCompile Include="Неделя 12 дз 2 №2.cpp">
      <Filter>Source Files</Filter>
    </ClCompile>
    <ClCompile Include="Неделя 12 дз 2 №3.cpp">
      <Filter>Source Files</Filter>
    </ClCompile>
    <ClCompile Include="Неделя 13 дз 1 №1.cpp">
      <Filter>Source Files</Filter>
    </ClCompile>
    <ClCompile Include="Неделя 13 дз 1 №2.cpp">
      <Filter>Source Files</Filter>
    </ClCompile>
    <ClCompile Include="Неделя 13 дз 1 №3.cpp">
      <Filter>Source Files</Filter>
    </ClCompile>
    <ClCompile Include="Неделя 13 дз 2 №1.cpp">
      <Filter>Source Files</Filter>
    </ClCompile>
    <ClCompile Include="Неделя 13 дз 2 №2.cpp">
      <Filter>Source Files</Filter>
    </ClCompile>
    <ClCompile Include="Неделя 13 дз 2 №3.cpp">
      <Filter>Source Files</Filter>
    </ClCompile>
    <ClCompile Include="Неделя 14 дз 1 №1.cpp">
      <Filter>Source Files</Filter>
    </ClCompile>
    <ClCompile Include="Неделя 14 дз 1 №2.cpp">
      <Filter>Source Files</Filter>
    </ClCompile>
    <ClCompile Include="Неделя 14 дз 2 №1.cpp">
      <Filter>Source Files</Filter>
    </ClCompile>
    <ClCompile Include="Неделя 14 дз 2 №2.cpp">
      <Filter>Source Files</Filter>
    </ClCompile>
    <ClCompile Include="Неделя 14 дз 2 №3.cpp">
      <Filter>Source Files</Filter>
    </ClCompile>
    <ClCompile Include="Неделя 15 дз 1 №1.cpp">
      <Filter>Source Files</Filter>
    </ClCompile>
    <ClCompile Include="Неделя 15 дз 2 №1.cpp">
      <Filter>Source Files</Filter>
    </ClCompile>
    <ClCompile Include="Неделя 15 дз 2 №2.cpp">
      <Filter>Source Files</Filter>
    </ClCompile>
    <ClCompile Include="Неделя 15 дз 2 №3.cpp">
      <Filter>Source Files</Filter>
    </ClCompile>
    <ClCompile Include="Неделя 15 дз 2 №4.cpp">
      <Filter>Source Files</Filter>
    </ClCompile>
    <ClCompile Include="Неделя 15 дз 2 №5.cpp">
      <Filter>Source Files</Filter>
    </ClCompile>
    <ClCompile Include="Неделя 15 дз 2 №6.cpp">
      <Filter>Source Files</Filter>
    </ClCompile>
    <ClCompile Include="Неделя 16 дз 1 №1.cpp">
      <Filter>Source Files</Filter>
    </ClCompile>
    <ClCompile Include="Неделя 16 дз 1 №2.cpp">
      <Filter>Source Files</Filter>
    </ClCompile>
    <ClCompile Include="Неделя 16 дз 1 №3.cpp">
      <Filter>Source Files</Filter>
    </ClCompile>
    <ClCompile Include="Неделя 16 дз 1 №4.cpp">
      <Filter>Source Files</Filter>
    </ClCompile>
    <ClCompile Include="Неделя 16 дз 1 №5.cpp">
      <Filter>Source Files</Filter>
    </ClCompile>
    <ClCompile Include="Неделя 16 дз 1 №6.cpp">
      <Filter>Source Files</Filter>
    </ClCompile>
    <ClCompile Include="Неделя 16 дз 2 №1.cpp">
      <Filter>Source Files</Filter>
    </ClCompile>
    <ClCompile Include="Неделя 16 дз 2 №2.cpp">
      <Filter>Source Files</Filter>
    </ClCompile>
    <ClCompile Include="Неделя 16 дз 2 №3.cpp">
      <Filter>Source Files</Filter>
    </ClCompile>
    <ClCompile Include="Неделя 16 дз 2 №4.cpp">
      <Filter>Source Files</Filter>
    </ClCompile>
    <ClCompile Include="Неделя 17 дз 1 №1.cpp">
      <Filter>Source Files</Filter>
    </ClCompile>
    <ClCompile Include="Неделя 17 дз 1 №2.cpp">
      <Filter>Source Files</Filter>
    </ClCompile>
    <ClCompile Include="Неделя 17 дз 1 №3.cpp">
      <Filter>Source Files</Filter>
    </ClCompile>
    <ClCompile Include="Неделя 17 дз 2 №1.cpp">
      <Filter>Source Files</Filter>
    </ClCompile>
    <ClCompile Include="Неделя 17 дз 2 №2.cpp">
      <Filter>Source Files</Filter>
    </ClCompile>
    <ClCompile Include="Неделя 18 дз 1 №1.cpp">
      <Filter>Source Files</Filter>
    </ClCompile>
    <ClCompile Include="Неделя 18 дз 1 №2.cpp">
      <Filter>Source Files</Filter>
    </ClCompile>
    <ClCompile Include="Неделя 18 дз 2 №1.cpp">
      <Filter>Source Files</Filter>
    </ClCompile>
    <ClCompile Include="Неделя 18 дз 2 №2.cpp">
      <Filter>Source Files</Filter>
    </ClCompile>
    <ClCompile Include="Неделя 19 дз 1 №1.cpp">
      <Filter>Source Files</Filter>
    </ClCompile>
    <ClCompile Include="Неделя 7 домашнее задание №2 С++.cpp">
      <Filter>Source Files</Filter>
    </ClCompile>
    <ClCompile Include="Неделя 8 домашнее задание №1 С++.cpp">
      <Filter>Source Files</Filter>
    </ClCompile>
    <ClCompile Include="Неделя 8 домашнее задание №2 С++.cpp">
      <Filter>Source Files</Filter>
    </ClCompile>
    <ClCompile Include="Неделя 9 дз 1 №1.cpp">
      <Filter>Source Files</Filter>
    </ClCompile>
    <ClCompile Include="Неделя 9 дз 1 №2.cpp">
      <Filter>Source Files</Filter>
    </ClCompile>
    <ClCompile Include="Неделя 9 дз 1 №3.cpp">
      <Filter>Source Files</Filter>
    </ClCompile>
    <ClCompile Include="Неделя 9 дз 1 №4.cpp">
      <Filter>Source Files</Filter>
    </ClCompile>
    <ClCompile Include="Неделя 9 дз 2 №1.cpp">
      <Filter>Source Files</Filter>
    </ClCompile>
    <ClCompile Include="Неделя 9 дз 2 №2.cpp">
      <Filter>Source Files</Filter>
    </ClCompile>
    <ClCompile Include="Неделя 9 дз 2 №3.cpp">
      <Filter>Source Files</Filter>
    </ClCompile>
    <ClCompile Include="Неделя 9 дз 2 №4.cpp">
      <Filter>Source Files</Filter>
    </ClCompile>
    <ClCompile Include="Неделя 9 домашнее задание №1 С++.cpp">
      <Filter>Source Files</Filter>
    </ClCompile>
    <ClCompile Include="ООП в С++.cpp">
      <Filter>Source Files</Filter>
    </ClCompile>
    <ClCompile Include="ООП описание состояний.cpp">
      <Filter>Source Files</Filter>
    </ClCompile>
    <ClCompile Include="Парктическая работа №14 11_класс_школа.cpp">
      <Filter>Source Files</Filter>
    </ClCompile>
    <ClCompile Include="перписанные проги с python.cpp">
      <Filter>Source Files</Filter>
    </ClCompile>
    <ClCompile Include="Пятнашки с векторами.cpp">
      <Filter>Source Files</Filter>
    </ClCompile>
    <ClCompile Include="Пятнашки с массивами.cpp">
      <Filter>Source Files</Filter>
    </ClCompile>
    <ClCompile Include="Файл для тестирования кодов из тестов.cpp">
      <Filter>Source Files</Filter>
    </ClCompile>
    <ClCompile Include="функция permutations из пайтона.cpp">
      <Filter>Source Files</Filter>
    </ClCompile>
    <ClCompile Include="функция Product из python.cpp">
      <Filter>Source Files</Filter>
    </ClCompile>
    <ClCompile Include="Черновик.cpp">
      <Filter>Source Files</Filter>
    </ClCompile>
    <ClCompile Include="с++ академия и рабочие файлы\с++ академия и рабочие файлы\перписанные проги с python.cpp">
      <Filter>Source Files</Filter>
    </ClCompile>
  </ItemGroup>
  <ItemGroup>
    <ClInclude Include="Classes.h">
      <Filter>Header Files</Filter>
    </ClInclude>
    <ClInclude Include="домашние задания в академию\Classes.h">
      <Filter>Header Files</Filter>
    </ClInclude>
  </ItemGroup>
</Project>